
Microsoft Visual Studio Solution File, Format Version 12.00
# Visual Studio Version 16
VisualStudioVersion = 16.0.30225.117
MinimumVisualStudioVersion = 10.0.40219.1
Project("{FAE04EC0-301F-11D3-BF4B-00C04F79EFBC}") = "Skogen", "Skogen.csproj", "{2C5C37D7-A035-4EB2-B723-6BEBC87780D1}"
EndProject
Global
	GlobalSection(SolutionConfigurationPlatforms) = preSolution
		Debug|Any CPU = Debug|Any CPU
		Release|Any CPU = Release|Any CPU
	EndGlobalSection
	GlobalSection(ProjectConfigurationPlatforms) = postSolution
		{2C5C37D7-A035-4EB2-B723-6BEBC87780D1}.Debug|Any CPU.ActiveCfg = Debug|Any CPU
		{2C5C37D7-A035-4EB2-B723-6BEBC87780D1}.Debug|Any CPU.Build.0 = Debug|Any CPU
		{2C5C37D7-A035-4EB2-B723-6BEBC87780D1}.Release|Any CPU.ActiveCfg = Release|Any CPU
		{2C5C37D7-A035-4EB2-B723-6BEBC87780D1}.Release|Any CPU.Build.0 = Release|Any CPU
	EndGlobalSection
	GlobalSection(SolutionProperties) = preSolution
		HideSolutionNode = FALSE
	EndGlobalSection
	GlobalSection(ExtensibilityGlobals) = postSolution
		SolutionGuid = {6B0F3F01-19D9-4370-9DAD-7BBA7685BD7A}
	EndGlobalSection
EndGlobal
